{
  "version": "3",
  "packages": {
    "specifiers": {
      "npm:chalk": "npm:chalk@5.3.0",
      "npm:commander": "npm:commander@12.1.0",
      "npm:prompts": "npm:prompts@2.4.2"
    },
    "npm": {
      "chalk@5.3.0": {
        "integrity": "sha512-dLitG79d+GV1Nb/VYcCDFivJeK1hiukt9QjRNVOsUtTy1rR1YJsmpGGTZ3qJos+uw7WmWF4wUwBd9jxjocFC2w==",
        "dependencies": {}
      },
      "commander@12.1.0": {
        "integrity": "sha512-Vw8qHK3bZM9y/P10u3Vib8o/DdkvA2OtPtZvD871QKjy74Wj1WSKFILMPRPSdUSx5RFK1arlJzEtA4PkFgnbuA==",
        "dependencies": {}
      },
      "kleur@3.0.3": {
        "integrity": "sha512-eTIzlVOSUR+JxdDFepEYcBMtZ9Qqdef+rnzWdRZuMbOywu5tO2w2N7rqjoANZ5k9vywhL6Br1VRjUIgTQx4E8w==",
        "dependencies": {}
      },
      "prompts@2.4.2": {
        "integrity": "sha512-NxNv/kLguCA7p3jE8oL2aEBsrJWgAakBpgmgK6lpPWV+WuOmY6r2/zbAVnP+T8bQlA0nzHXSJSJW0Hq7ylaD2Q==",
        "dependencies": {
          "kleur": "kleur@3.0.3",
          "sisteransi": "sisteransi@1.0.5"
        }
      },
      "sisteransi@1.0.5": {
        "integrity": "sha512-bLGGlR1QxBcynn2d5YmDX4MGjlZvy2MRBDRNHLJ8VI6l6+9FUiyTFNJ0IveOSP0bcXgVDPRcfGqA0pjaqUpfVg==",
        "dependencies": {}
      }
    }
  },
  "remote": {},
  "workspace": {
    "packageJson": {
      "dependencies": [
        "npm:@angular-devkit/build-angular@^18.2.0",
        "npm:@angular/animations@^18.2.0",
        "npm:@angular/cli@^18.2.0",
        "npm:@angular/common@^18.2.0",
        "npm:@angular/compiler-cli@^18.2.0",
        "npm:@angular/compiler@^18.2.0",
        "npm:@angular/core@^18.2.0",
        "npm:@angular/forms@^18.2.0",
        "npm:@angular/platform-browser-dynamic@^18.2.0",
        "npm:@angular/platform-browser@^18.2.0",
        "npm:@angular/router@^18.2.0",
        "npm:@types/jasmine@~5.1.0",
        "npm:jasmine-core@~5.2.0",
        "npm:karma-chrome-launcher@~3.2.0",
        "npm:karma-coverage@~2.2.0",
        "npm:karma-jasmine-html-reporter@~2.1.0",
        "npm:karma-jasmine@~5.1.0",
        "npm:karma@~6.4.0",
        "npm:rxjs@~7.8.0",
        "npm:tslib@^2.3.0",
        "npm:typescript@~5.5.2",
        "npm:zone.js@~0.14.10"
      ]
    }
  }
}
